uuid: aded4f83-af9e-48e1-96f4-5b97b8eb468d
langcode: en
status: true
dependencies:
  module:
    - book
    - system
  theme:
    - wrlc_corp
id: booknavigation_block
theme: wrlc_corp
region: sidebar_first
weight: -13
provider: null
plugin: book_navigation
settings:
  id: book_navigation
  label: 'Table of Contents'
  provider: book
  label_display: visible
  block_mode: 'all pages'
visibility:
  request_path:
    id: request_path
    pages: "/handbook\r\n/handbook/*"
    negate: false
    context_mapping: {  }
